
Microsoft Visual Studio Solution File, Format Version 12.00
# Visual Studio Version 16
VisualStudioVersion = 16.0.31515.178
MinimumVisualStudioVersion = 10.0.40219.1
Project("{FAE04EC0-301F-11D3-BF4B-00C04F79EFBC}") = "NotDefterimMVC", "NotDefterimMVC.csproj", "{5AB4933A-5C0E-49F5-8FA2-50CF184C0769}"
EndProject
Global
	GlobalSection(SolutionConfigurationPlatforms) = preSolution
		Debug|Any CPU = Debug|Any CPU
		Release|Any CPU = Release|Any CPU
	EndGlobalSection
	GlobalSection(ProjectConfigurationPlatforms) = postSolution
		{5AB4933A-5C0E-49F5-8FA2-50CF184C0769}.Debug|Any CPU.ActiveCfg = Debug|Any CPU
		{5AB4933A-5C0E-49F5-8FA2-50CF184C0769}.Debug|Any CPU.Build.0 = Debug|Any CPU
		{5AB4933A-5C0E-49F5-8FA2-50CF184C0769}.Release|Any CPU.ActiveCfg = Release|Any CPU
		{5AB4933A-5C0E-49F5-8FA2-50CF184C0769}.Release|Any CPU.Build.0 = Release|Any CPU
	EndGlobalSection
	GlobalSection(SolutionProperties) = preSolution
		HideSolutionNode = FALSE
	EndGlobalSection
	GlobalSection(ExtensibilityGlobals) = postSolution
		SolutionGuid = {08004AFF-7D14-4FB7-AF65-BAD4950952DA}
	EndGlobalSection
EndGlobal
